
Microsoft Visual Studio Solution File, Format Version 12.00
# Visual Studio Version 17
VisualStudioVersion = 17.4.33122.133
MinimumVisualStudioVersion = 10.0.40219.1
Project("{FAE04EC0-301F-11D3-BF4B-00C04F79EFBC}") = "gb_task_end_of_block", "gb_task_end_of_block.csproj", "{93EAFC06-25B8-4EC8-A767-0F33B4741886}"
EndProject
Global
	GlobalSection(SolutionConfigurationPlatforms) = preSolution
		Debug|Any CPU = Debug|Any CPU
		Release|Any CPU = Release|Any CPU
	EndGlobalSection
	GlobalSection(ProjectConfigurationPlatforms) = postSolution
		{93EAFC06-25B8-4EC8-A767-0F33B4741886}.Debug|Any CPU.ActiveCfg = Debug|Any CPU
		{93EAFC06-25B8-4EC8-A767-0F33B4741886}.Debug|Any CPU.Build.0 = Debug|Any CPU
		{93EAFC06-25B8-4EC8-A767-0F33B4741886}.Release|Any CPU.ActiveCfg = Release|Any CPU
		{93EAFC06-25B8-4EC8-A767-0F33B4741886}.Release|Any CPU.Build.0 = Release|Any CPU
	EndGlobalSection
	GlobalSection(SolutionProperties) = preSolution
		HideSolutionNode = FALSE
	EndGlobalSection
	GlobalSection(ExtensibilityGlobals) = postSolution
		SolutionGuid = {8D5970CF-E6C8-4ABE-B09B-7797031A7537}
	EndGlobalSection
EndGlobal
